
Microsoft Visual Studio Solution File, Format Version 12.00
# Visual Studio Version 17
VisualStudioVersion = 17.4.33213.308
MinimumVisualStudioVersion = 10.0.40219.1
Project("{FAE04EC0-301F-11D3-BF4B-00C04F79EFBC}") = "RPBAttributes", "RPBAttributes\RPBAttributes.csproj", "{35DBC2F8-3817-4EB5-A0AC-1AC4E04BC614}"
EndProject
Global
	GlobalSection(SolutionConfigurationPlatforms) = preSolution
		Debug|Any CPU = Debug|Any CPU
		Release|Any CPU = Release|Any CPU
	EndGlobalSection
	GlobalSection(ProjectConfigurationPlatforms) = postSolution
		{35DBC2F8-3817-4EB5-A0AC-1AC4E04BC614}.Debug|Any CPU.ActiveCfg = Debug|Any CPU
		{35DBC2F8-3817-4EB5-A0AC-1AC4E04BC614}.Debug|Any CPU.Build.0 = Debug|Any CPU
		{35DBC2F8-3817-4EB5-A0AC-1AC4E04BC614}.Release|Any CPU.ActiveCfg = Release|Any CPU
		{35DBC2F8-3817-4EB5-A0AC-1AC4E04BC614}.Release|Any CPU.Build.0 = Release|Any CPU
	EndGlobalSection
	GlobalSection(SolutionProperties) = preSolution
		HideSolutionNode = FALSE
	EndGlobalSection
	GlobalSection(ExtensibilityGlobals) = postSolution
		SolutionGuid = {1F0D324A-8A2B-411D-A2E1-2970A44CC92A}
	EndGlobalSection
EndGlobal
